
Microsoft Visual Studio Solution File, Format Version 12.00
# Visual Studio Version 17
VisualStudioVersion = 17.2.32602.215
MinimumVisualStudioVersion = 10.0.40219.1
Project("{FAE04EC0-301F-11D3-BF4B-00C04F79EFBC}") = "RefPractice", "RefPractice.csproj", "{8D99E6F2-D54C-4950-871E-CF81AF83C55A}"
EndProject
Project("{FAE04EC0-301F-11D3-BF4B-00C04F79EFBC}") = "OperatorOverloading", "..\OperatorOverloading\OperatorOverloading.csproj", "{36B59284-4131-431C-B682-AF9369D81EE2}"
EndProject
Project("{FAE04EC0-301F-11D3-BF4B-00C04F79EFBC}") = "Example", "..\Example\Example.csproj", "{40A54199-4306-49C6-8AF1-562828A69D9C}"
EndProject
Global
	GlobalSection(SolutionConfigurationPlatforms) = preSolution
		Debug|Any CPU = Debug|Any CPU
		Release|Any CPU = Release|Any CPU
	EndGlobalSection
	GlobalSection(ProjectConfigurationPlatforms) = postSolution
		{8D99E6F2-D54C-4950-871E-CF81AF83C55A}.Debug|Any CPU.ActiveCfg = Debug|Any CPU
		{8D99E6F2-D54C-4950-871E-CF81AF83C55A}.Debug|Any CPU.Build.0 = Debug|Any CPU
		{8D99E6F2-D54C-4950-871E-CF81AF83C55A}.Release|Any CPU.ActiveCfg = Release|Any CPU
		{8D99E6F2-D54C-4950-871E-CF81AF83C55A}.Release|Any CPU.Build.0 = Release|Any CPU
		{36B59284-4131-431C-B682-AF9369D81EE2}.Debug|Any CPU.ActiveCfg = Debug|Any CPU
		{36B59284-4131-431C-B682-AF9369D81EE2}.Debug|Any CPU.Build.0 = Debug|Any CPU
		{36B59284-4131-431C-B682-AF9369D81EE2}.Release|Any CPU.ActiveCfg = Release|Any CPU
		{36B59284-4131-431C-B682-AF9369D81EE2}.Release|Any CPU.Build.0 = Release|Any CPU
		{40A54199-4306-49C6-8AF1-562828A69D9C}.Debug|Any CPU.ActiveCfg = Debug|Any CPU
		{40A54199-4306-49C6-8AF1-562828A69D9C}.Debug|Any CPU.Build.0 = Debug|Any CPU
		{40A54199-4306-49C6-8AF1-562828A69D9C}.Release|Any CPU.ActiveCfg = Release|Any CPU
		{40A54199-4306-49C6-8AF1-562828A69D9C}.Release|Any CPU.Build.0 = Release|Any CPU
	EndGlobalSection
	GlobalSection(SolutionProperties) = preSolution
		HideSolutionNode = FALSE
	EndGlobalSection
	GlobalSection(ExtensibilityGlobals) = postSolution
		SolutionGuid = {50115611-278C-4073-906A-9ECAE9FB9006}
	EndGlobalSection
EndGlobal
